# THIS IS AN AUTOGENERATED FILE. DO NOT EDIT THIS FILE DIRECTLY.
# yarn lockfile v1


"@types/prop-types@*":
  version "15.7.1"
  resolved "https://registry.yarnpkg.com/@types/prop-types/-/prop-types-15.7.1.tgz#f1a11e7babb0c3cad68100be381d1e064c68f1f6"
  integrity sha512-CFzn9idOEpHrgdw8JsoTkaDDyRWk1jrzIV8djzcgpq0y9tG4B4lFT+Nxh52DVpDXV+n4+NPNv7M1Dj5uMp6XFg==

"@types/react@^16.8.16":
  version "16.9.17"
  resolved "https://registry.yarnpkg.com/@types/react/-/react-16.9.17.tgz#58f0cc0e9ec2425d1441dd7b623421a867aa253e"
  integrity sha512-UP27In4fp4sWF5JgyV6pwVPAQM83Fj76JOcg02X5BZcpSu5Wx+fP9RMqc2v0ssBoQIFvD5JdKY41gjJJKmw6Bg==
  dependencies:
    "@types/prop-types" "*"
    csstype "^2.2.0"

csstype@^2.2.0:
  version "2.6.4"
  resolved "https://registry.yarnpkg.com/csstype/-/csstype-2.6.4.tgz#d585a6062096e324e7187f80e04f92bd0f00e37f"
  integrity sha512-lAJUJP3M6HxFXbqtGRc0iZrdyeN+WzOWeY0q/VnFzI+kqVrYIzC7bWlKqCW7oCIdzoPkvfp82EVvrTlQ8zsWQg==

tslib@^1.9.3:
  version "1.9.3"
  resolved "https://registry.yarnpkg.com/tslib/-/tslib-1.9.3.tgz#d7e4dd79245d85428c4d7e4822a79917954ca286"
  integrity sha512-4krF8scpejhaOgqzBEcGM7yDIEfi0/8+8zDRZhNZZ2kjmHJ4hv3zCbQWxoJGz1iw5U0Jl0nma13xzHXcncMavQ==

typescript@^3.4.5:
  version "3.4.5"
  resolved "https://registry.yarnpkg.com/typescript/-/typescript-3.4.5.tgz#2d2618d10bb566572b8d7aad5180d84257d70a99"
  integrity sha512-YycBxUb49UUhdNMU5aJ7z5Ej2XGmaIBL0x34vZ82fn3hGvD+bgrMrVDpatgz2f7YxUMJxMkbWxJZeAvDxVe7Vw==
